
Microsoft Visual Studio Solution File, Format Version 12.00
# Visual Studio Version 17
VisualStudioVersion = 17.2.32630.192
MinimumVisualStudioVersion = 10.0.40219.1
Project("{FAE04EC0-301F-11D3-BF4B-00C04F79EFBC}") = "API", "API\API.csproj", "{7BBD7304-1EA7-4042-91D6-2722E2118E3F}"
EndProject
Global
	GlobalSection(SolutionConfigurationPlatforms) = preSolution
		Debug|Any CPU = Debug|Any CPU
		Release|Any CPU = Release|Any CPU
	EndGlobalSection
	GlobalSection(ProjectConfigurationPlatforms) = postSolution
		{7BBD7304-1EA7-4042-91D6-2722E2118E3F}.Debug|Any CPU.ActiveCfg = Debug|Any CPU
		{7BBD7304-1EA7-4042-91D6-2722E2118E3F}.Debug|Any CPU.Build.0 = Debug|Any CPU
		{7BBD7304-1EA7-4042-91D6-2722E2118E3F}.Release|Any CPU.ActiveCfg = Release|Any CPU
		{7BBD7304-1EA7-4042-91D6-2722E2118E3F}.Release|Any CPU.Build.0 = Release|Any CPU
	EndGlobalSection
	GlobalSection(SolutionProperties) = preSolution
		HideSolutionNode = FALSE
	EndGlobalSection
	GlobalSection(ExtensibilityGlobals) = postSolution
		SolutionGuid = {FD9DF6E8-D934-4520-B49D-E10D9FF40D84}
	EndGlobalSection
EndGlobal
